
Microsoft Visual Studio Solution File, Format Version 12.00
# Visual Studio Version 16
VisualStudioVersion = 16.0.30128.74
MinimumVisualStudioVersion = 10.0.40219.1
Project("{9A19103F-16F7-4668-BE54-9A1E7A4F7556}") = "ExploreCalifornia", "ExploreCalifornia\ExploreCalifornia.csproj", "{D1209FC9-9F30-43C6-916A-C039D311B464}"
EndProject
Global
	GlobalSection(SolutionConfigurationPlatforms) = preSolution
		Debug|Any CPU = Debug|Any CPU
		Release|Any CPU = Release|Any CPU
	EndGlobalSection
	GlobalSection(ProjectConfigurationPlatforms) = postSolution
		{D1209FC9-9F30-43C6-916A-C039D311B464}.Debug|Any CPU.ActiveCfg = Debug|Any CPU
		{D1209FC9-9F30-43C6-916A-C039D311B464}.Debug|Any CPU.Build.0 = Debug|Any CPU
		{D1209FC9-9F30-43C6-916A-C039D311B464}.Release|Any CPU.ActiveCfg = Release|Any CPU
		{D1209FC9-9F30-43C6-916A-C039D311B464}.Release|Any CPU.Build.0 = Release|Any CPU
	EndGlobalSection
	GlobalSection(SolutionProperties) = preSolution
		HideSolutionNode = FALSE
	EndGlobalSection
	GlobalSection(ExtensibilityGlobals) = postSolution
		SolutionGuid = {B98D1841-48C0-4620-9753-E21C9D52747A}
	EndGlobalSection
EndGlobal
